PODS:
  - Alamofire (4.8.0)
  - Closures (0.5)
  - CocoaLumberjack/Default (3.4.2)
  - CocoaLumberjack/Swift (3.4.2):
    - CocoaLumberjack/Default
  - FSPagerView (0.8.2)
  - HandyJSON (4.2.1)
  - Kingfisher (4.8.1)
  - MJRefresh (3.1.15.7)
  - RegexKitLite-NoWarning (1.1.0)
  - RxAlamofire (4.3.0):
    - RxAlamofire/Core (= 4.3.0)
  - RxAlamofire/Core (4.3.0):
    - Alamofire (~> 4.5)
    - RxSwift (~> 4)
  - RxAtomic (4.4.0)
  - RxCocoa (4.4.0):
    - RxSwift (~> 4.0)
  - RxSwift (4.4.0):
    - RxAtomic (~> 4.4)
  - SnapKit (4.0.1)
  - swiftArch (1.2.0):
    - Closures (~> 0.5)
    - CocoaLumberjack/Swift
    - HandyJSON (~> 4.2.0)
    - Kingfisher (~> 4.8.0)
    - MJRefresh
    - RxAlamofire (~> 4.3.0)
    - RxCocoa (~> 4.0)
    - RxSwift (~> 4.0)
    - SnapKit (~> 4.0.0)
    - Toast-Swift (~> 4.0.0)
    - UICollectionViewLeftAlignedLayout
  - Toast-Swift (4.0.1)
  - UICollectionViewLeftAlignedLayout (1.0.2)

DEPENDENCIES:
  - FSPagerView
  - RegexKitLite-NoWarning
  - RxSwift
  - swiftArch (from `../`)

SPEC REPOS:
  https://github.com/cocoapods/specs.git:
    - Alamofire
    - Closures
    - CocoaLumberjack
    - FSPagerView
    - HandyJSON
    - Kingfisher
    - MJRefresh
    - RegexKitLite-NoWarning
    - RxAlamofire
    - RxAtomic
    - RxCocoa
    - RxSwift
    - SnapKit
    - Toast-Swift
    - UICollectionViewLeftAlignedLayout

EXTERNAL SOURCES:
  swiftArch:
    :path: "../"

SPEC CHECKSUMS:
  Alamofire: 3ec537f71edc9804815215393ae2b1a8ea33a844
  Closures: ad5ebce1242de44d64505bfd3b7c25b12cad3d2e
  CocoaLumberjack: db7cc9e464771f12054c22ff6947c5a58d43a0fd
  FSPagerView: 816a18842306973cc7cc6df8a5332272f7815c30
  HandyJSON: d0c5fc80204f29056d59d3e5c4587fa0b16b60a8
  Kingfisher: 868c1149679a7ab6869be118faa9b5aed154aaf0
  MJRefresh: 697f8ec75ebdbe9207767bb682cf0f51b0d8a41f
  RegexKitLite-NoWarning: 365d208f8187997e33d9de8baeddfc00728596d8
  RxAlamofire: 09624d0f2d48ed8b686e4eb4cf68e28cbd2df556
  RxAtomic: eacf60db868c96bfd63320e28619fe29c179656f
  RxCocoa: df63ebf7b9a70d6b4eeea407ed5dd4efc8979749
  RxSwift: 5976ecd04fc2fefd648827c23de5e11157faa973
  SnapKit: 0de968a9fec17499afa29683b05d0c775b6d1c29
  swiftArch: c7c3e00b1619d7d96eb3efe743f094a56f218dde
  Toast-Swift: e42a638589a2f95036b4bb7626cfbdde7daf0393
  UICollectionViewLeftAlignedLayout: 830bf6fa5bab9f9b464f62e3384f9d2e00b3c0f6

PODFILE CHECKSUM: 7b7bf16889937b5282c9928a1c6cde86a5c8370e

COCOAPODS: 1.6.0.beta.1
